
Microsoft Visual Studio Solution File, Format Version 12.00
# Visual Studio Version 16
VisualStudioVersion = 16.0.32106.194
MinimumVisualStudioVersion = 10.0.40219.1
Project("{FAE04EC0-301F-11D3-BF4B-00C04F79EFBC}") = "Myshop.Services", "Myshp.Services\Myshop.Services.csproj", "{1E70DAE9-C4A7-456B-831F-6A91781956C4}"
EndProject
Project("{FAE04EC0-301F-11D3-BF4B-00C04F79EFBC}") = "MyShop.DataAccess.SQL", "MyShop.DataAccess.SQL\MyShop.DataAccess.SQL.csproj", "{94FBEFEB-9DC2-4DD8-9676-F539543ED590}"
EndProject
Project("{FAE04EC0-301F-11D3-BF4B-00C04F79EFBC}") = "MyShop.DataAcess.InMemory", "MyShop.DataAcess.InMemory\MyShop.DataAcess.InMemory.csproj", "{73D2A46D-EB2B-417B-9972-14973A804A0F}"
EndProject
Project("{FAE04EC0-301F-11D3-BF4B-00C04F79EFBC}") = "MyShop.WebUI", "MyShop.WebUI\MyShop.WebUI.csproj", "{2FC7D720-EDBF-459C-92F7-D6219EAB63B2}"
EndProject
Project("{FAE04EC0-301F-11D3-BF4B-00C04F79EFBC}") = "MyShop.WebUI.Tests", "MyShop.WebUI.Tests\MyShop.WebUI.Tests.csproj", "{F8B1ED21-0D1D-4BCE-8852-D6CFFB56AF66}"
EndProject
Project("{FAE04EC0-301F-11D3-BF4B-00C04F79EFBC}") = "MyShop.Coree", "MyShop.Coree\MyShop.Coree.csproj", "{05CD808B-E707-4863-B2BD-407E89306BFE}"
EndProject
Global
	GlobalSection(SolutionConfigurationPlatforms) = preSolution
		Debug|Any CPU = Debug|Any CPU
		Release|Any CPU = Release|Any CPU
	EndGlobalSection
	GlobalSection(ProjectConfigurationPlatforms) = postSolution
		{1E70DAE9-C4A7-456B-831F-6A91781956C4}.Debug|Any CPU.ActiveCfg = Debug|Any CPU
		{1E70DAE9-C4A7-456B-831F-6A91781956C4}.Debug|Any CPU.Build.0 = Debug|Any CPU
		{1E70DAE9-C4A7-456B-831F-6A91781956C4}.Release|Any CPU.ActiveCfg = Release|Any CPU
		{1E70DAE9-C4A7-456B-831F-6A91781956C4}.Release|Any CPU.Build.0 = Release|Any CPU
		{94FBEFEB-9DC2-4DD8-9676-F539543ED590}.Debug|Any CPU.ActiveCfg = Debug|Any CPU
		{94FBEFEB-9DC2-4DD8-9676-F539543ED590}.Debug|Any CPU.Build.0 = Debug|Any CPU
		{94FBEFEB-9DC2-4DD8-9676-F539543ED590}.Release|Any CPU.ActiveCfg = Release|Any CPU
		{94FBEFEB-9DC2-4DD8-9676-F539543ED590}.Release|Any CPU.Build.0 = Release|Any CPU
		{73D2A46D-EB2B-417B-9972-14973A804A0F}.Debug|Any CPU.ActiveCfg = Debug|Any CPU
		{73D2A46D-EB2B-417B-9972-14973A804A0F}.Debug|Any CPU.Build.0 = Debug|Any CPU
		{73D2A46D-EB2B-417B-9972-14973A804A0F}.Release|Any CPU.ActiveCfg = Release|Any CPU
		{73D2A46D-EB2B-417B-9972-14973A804A0F}.Release|Any CPU.Build.0 = Release|Any CPU
		{2FC7D720-EDBF-459C-92F7-D6219EAB63B2}.Debug|Any CPU.ActiveCfg = Debug|Any CPU
		{2FC7D720-EDBF-459C-92F7-D6219EAB63B2}.Debug|Any CPU.Build.0 = Debug|Any CPU
		{2FC7D720-EDBF-459C-92F7-D6219EAB63B2}.Release|Any CPU.ActiveCfg = Release|Any CPU
		{2FC7D720-EDBF-459C-92F7-D6219EAB63B2}.Release|Any CPU.Build.0 = Release|Any CPU
		{F8B1ED21-0D1D-4BCE-8852-D6CFFB56AF66}.Debug|Any CPU.ActiveCfg = Debug|Any CPU
		{F8B1ED21-0D1D-4BCE-8852-D6CFFB56AF66}.Debug|Any CPU.Build.0 = Debug|Any CPU
		{F8B1ED21-0D1D-4BCE-8852-D6CFFB56AF66}.Release|Any CPU.ActiveCfg = Release|Any CPU
		{F8B1ED21-0D1D-4BCE-8852-D6CFFB56AF66}.Release|Any CPU.Build.0 = Release|Any CPU
		{05CD808B-E707-4863-B2BD-407E89306BFE}.Debug|Any CPU.ActiveCfg = Debug|Any CPU
		{05CD808B-E707-4863-B2BD-407E89306BFE}.Debug|Any CPU.Build.0 = Debug|Any CPU
		{05CD808B-E707-4863-B2BD-407E89306BFE}.Release|Any CPU.ActiveCfg = Release|Any CPU
		{05CD808B-E707-4863-B2BD-407E89306BFE}.Release|Any CPU.Build.0 = Release|Any CPU
	EndGlobalSection
	GlobalSection(SolutionProperties) = preSolution
		HideSolutionNode = FALSE
	EndGlobalSection
	GlobalSection(ExtensibilityGlobals) = postSolution
		SolutionGuid = {2B8DC00C-8DDD-48CF-B43B-28D356767188}
	EndGlobalSection
EndGlobal
